
Microsoft Visual Studio Solution File, Format Version 12.00
# Visual Studio 15
Project("{FAE04EC0-301F-11D3-BF4B-00C04F79EFBC}") = "Assembly-CSharp", "Assembly-CSharp.csproj", "{DB10D036-0E61-3C84-6C42-079DD6318E26}"
EndProject
Project("{FAE04EC0-301F-11D3-BF4B-00C04F79EFBC}") = "Assembly-CSharp-Editor", "Assembly-CSharp-Editor.csproj", "{C52D6B65-EF8C-AABF-2734-D7CB409F6355}"
EndProject
Global
	GlobalSection(SolutionConfigurationPlatforms) = preSolution
		Debug|Any CPU = Debug|Any CPU
		Release|Any CPU = Release|Any CPU
	EndGlobalSection
	GlobalSection(ProjectConfigurationPlatforms) = postSolution
		{DB10D036-0E61-3C84-6C42-079DD6318E26}.Debug|Any CPU.ActiveCfg = Debug|Any CPU
		{DB10D036-0E61-3C84-6C42-079DD6318E26}.Debug|Any CPU.Build.0 = Debug|Any CPU
		{DB10D036-0E61-3C84-6C42-079DD6318E26}.Release|Any CPU.ActiveCfg = Release|Any CPU
		{DB10D036-0E61-3C84-6C42-079DD6318E26}.Release|Any CPU.Build.0 = Release|Any CPU
		{C52D6B65-EF8C-AABF-2734-D7CB409F6355}.Debug|Any CPU.ActiveCfg = Debug|Any CPU
		{C52D6B65-EF8C-AABF-2734-D7CB409F6355}.Debug|Any CPU.Build.0 = Debug|Any CPU
		{C52D6B65-EF8C-AABF-2734-D7CB409F6355}.Release|Any CPU.ActiveCfg = Release|Any CPU
		{C52D6B65-EF8C-AABF-2734-D7CB409F6355}.Release|Any CPU.Build.0 = Release|Any CPU
	EndGlobalSection
	GlobalSection(SolutionProperties) = preSolution
		HideSolutionNode = FALSE
	EndGlobalSection
EndGlobal
